# THIS IS AN AUTOGENERATED FILE. DO NOT EDIT THIS FILE DIRECTLY.
# yarn lockfile v1


"@ant-design/nextjs-registry@^1.0.0":
  version "1.0.0"
  resolved "https://registry.yarnpkg.com/@ant-design/nextjs-registry/-/nextjs-registry-1.0.0.tgz#d0c80ea57d145a3867cea4e19d9ec71f830e7e9d"
  integrity sha512-kU1K1UOhwrF6DPv73MhuL5a6U4e6/TiFapeLUt/c/kch9h5qFwEaJPb4RSJKNw0PRBfqCAPS011wVm4wYcrqbQ==
